
Microsoft Visual Studio Solution File, Format Version 12.00
# Visual Studio Version 17
VisualStudioVersion = 17.8.34330.188
MinimumVisualStudioVersion = 10.0.40219.1
Project("{9A19103F-16F7-4668-BE54-9A1E7A4F7556}") = "GymSpot", "GymSpot\GymSpot.csproj", "{CCB5E0A8-AB5A-45F0-8A35-5292C6278524}"
EndProject
Project("{9A19103F-16F7-4668-BE54-9A1E7A4F7556}") = "GymSpot.Tests", "GymSpot.Tests\GymSpot.Tests.csproj", "{D6D64F2E-DD1F-43A2-A5B0-49FF2980B0E7}"
EndProject
Project("{FAE04EC0-301F-11D3-BF4B-00C04F79EFBC}") = "Entities", "Entities\Entities.csproj", "{DE48D6EF-1FE1-40C8-A9A0-641CD8ED3DED}"
EndProject
Project("{FAE04EC0-301F-11D3-BF4B-00C04F79EFBC}") = "ServiceContracts", "ServiceContracts\ServiceContracts.csproj", "{EC8293AF-80BF-4DA6-BB9E-DC6A37226FB3}"
EndProject
Project("{FAE04EC0-301F-11D3-BF4B-00C04F79EFBC}") = "Services", "Services\Services.csproj", "{5DFA7EAD-1A74-476B-908D-75CBFD6A990C}"
EndProject
Global
	GlobalSection(SolutionConfigurationPlatforms) = preSolution
		Debug|Any CPU = Debug|Any CPU
		Release|Any CPU = Release|Any CPU
	EndGlobalSection
	GlobalSection(ProjectConfigurationPlatforms) = postSolution
		{CCB5E0A8-AB5A-45F0-8A35-5292C6278524}.Debug|Any CPU.ActiveCfg = Debug|Any CPU
		{CCB5E0A8-AB5A-45F0-8A35-5292C6278524}.Debug|Any CPU.Build.0 = Debug|Any CPU
		{CCB5E0A8-AB5A-45F0-8A35-5292C6278524}.Release|Any CPU.ActiveCfg = Release|Any CPU
		{CCB5E0A8-AB5A-45F0-8A35-5292C6278524}.Release|Any CPU.Build.0 = Release|Any CPU
		{D6D64F2E-DD1F-43A2-A5B0-49FF2980B0E7}.Debug|Any CPU.ActiveCfg = Debug|Any CPU
		{D6D64F2E-DD1F-43A2-A5B0-49FF2980B0E7}.Debug|Any CPU.Build.0 = Debug|Any CPU
		{D6D64F2E-DD1F-43A2-A5B0-49FF2980B0E7}.Release|Any CPU.ActiveCfg = Release|Any CPU
		{D6D64F2E-DD1F-43A2-A5B0-49FF2980B0E7}.Release|Any CPU.Build.0 = Release|Any CPU
		{DE48D6EF-1FE1-40C8-A9A0-641CD8ED3DED}.Debug|Any CPU.ActiveCfg = Debug|Any CPU
		{DE48D6EF-1FE1-40C8-A9A0-641CD8ED3DED}.Debug|Any CPU.Build.0 = Debug|Any CPU
		{DE48D6EF-1FE1-40C8-A9A0-641CD8ED3DED}.Release|Any CPU.ActiveCfg = Release|Any CPU
		{DE48D6EF-1FE1-40C8-A9A0-641CD8ED3DED}.Release|Any CPU.Build.0 = Release|Any CPU
		{EC8293AF-80BF-4DA6-BB9E-DC6A37226FB3}.Debug|Any CPU.ActiveCfg = Debug|Any CPU
		{EC8293AF-80BF-4DA6-BB9E-DC6A37226FB3}.Debug|Any CPU.Build.0 = Debug|Any CPU
		{EC8293AF-80BF-4DA6-BB9E-DC6A37226FB3}.Release|Any CPU.ActiveCfg = Release|Any CPU
		{EC8293AF-80BF-4DA6-BB9E-DC6A37226FB3}.Release|Any CPU.Build.0 = Release|Any CPU
		{5DFA7EAD-1A74-476B-908D-75CBFD6A990C}.Debug|Any CPU.ActiveCfg = Debug|Any CPU
		{5DFA7EAD-1A74-476B-908D-75CBFD6A990C}.Debug|Any CPU.Build.0 = Debug|Any CPU
		{5DFA7EAD-1A74-476B-908D-75CBFD6A990C}.Release|Any CPU.ActiveCfg = Release|Any CPU
		{5DFA7EAD-1A74-476B-908D-75CBFD6A990C}.Release|Any CPU.Build.0 = Release|Any CPU
	EndGlobalSection
	GlobalSection(SolutionProperties) = preSolution
		HideSolutionNode = FALSE
	EndGlobalSection
	GlobalSection(ExtensibilityGlobals) = postSolution
		SolutionGuid = {F5916B21-0F81-4888-8D8E-45C8E060D3AE}
	EndGlobalSection
EndGlobal
